
Microsoft Visual Studio Solution File, Format Version 11.00
# Visual Studio 2010
Project("{FAE04EC0-301F-11D3-BF4B-00C04F79EFBC}") = "Sonic-Realms", "Assembly-CSharp.csproj", "{8FCAAE8E-9AEA-B385-973E-CC947C0642D9}"
EndProject
Project("{FAE04EC0-301F-11D3-BF4B-00C04F79EFBC}") = "Sonic-Realms", "Assembly-CSharp-Editor.csproj", "{F92D8CD1-D379-04F6-FA0F-3BB91616D417}"
EndProject
Global
	GlobalSection(SolutionConfigurationPlatforms) = preSolution
		Debug|Any CPU = Debug|Any CPU
		Release|Any CPU = Release|Any CPU
	EndGlobalSection
	GlobalSection(ProjectConfigurationPlatforms) = postSolution
		{8FCAAE8E-9AEA-B385-973E-CC947C0642D9}.Debug|Any CPU.ActiveCfg = Debug|Any CPU
		{8FCAAE8E-9AEA-B385-973E-CC947C0642D9}.Debug|Any CPU.Build.0 = Debug|Any CPU
		{8FCAAE8E-9AEA-B385-973E-CC947C0642D9}.Release|Any CPU.ActiveCfg = Release|Any CPU
		{8FCAAE8E-9AEA-B385-973E-CC947C0642D9}.Release|Any CPU.Build.0 = Release|Any CPU
		{F92D8CD1-D379-04F6-FA0F-3BB91616D417}.Debug|Any CPU.ActiveCfg = Debug|Any CPU
		{F92D8CD1-D379-04F6-FA0F-3BB91616D417}.Debug|Any CPU.Build.0 = Debug|Any CPU
		{F92D8CD1-D379-04F6-FA0F-3BB91616D417}.Release|Any CPU.ActiveCfg = Release|Any CPU
		{F92D8CD1-D379-04F6-FA0F-3BB91616D417}.Release|Any CPU.Build.0 = Release|Any CPU
	EndGlobalSection
	GlobalSection(SolutionProperties) = preSolution
		HideSolutionNode = FALSE
	EndGlobalSection
	GlobalSection(MonoDevelopProperties) = preSolution
		StartupItem = Assembly-CSharp.csproj
	EndGlobalSection
EndGlobal
